
Microsoft Visual Studio Solution File, Format Version 12.00
# Visual Studio Version 17
VisualStudioVersion = 17.5.2.0
MinimumVisualStudioVersion = 10.0.40219.1
Project("{FAE04EC0-301F-11D3-BF4B-00C04F79EFBC}") = "ApiPaliNumb", "ApiPaliNumb.csproj", "{A55A407A-3B30-6393-329E-153612DA36CA}"
EndProject
Global
	GlobalSection(SolutionConfigurationPlatforms) = preSolution
		Debug|Any CPU = Debug|Any CPU
		Release|Any CPU = Release|Any CPU
	EndGlobalSection
	GlobalSection(ProjectConfigurationPlatforms) = postSolution
		{A55A407A-3B30-6393-329E-153612DA36CA}.Debug|Any CPU.ActiveCfg = Debug|Any CPU
		{A55A407A-3B30-6393-329E-153612DA36CA}.Debug|Any CPU.Build.0 = Debug|Any CPU
		{A55A407A-3B30-6393-329E-153612DA36CA}.Release|Any CPU.ActiveCfg = Release|Any CPU
		{A55A407A-3B30-6393-329E-153612DA36CA}.Release|Any CPU.Build.0 = Release|Any CPU
	EndGlobalSection
	GlobalSection(SolutionProperties) = preSolution
		HideSolutionNode = FALSE
	EndGlobalSection
	GlobalSection(ExtensibilityGlobals) = postSolution
		SolutionGuid = {47F32DA9-1050-4E19-81AB-35682B7364E4}
	EndGlobalSection
EndGlobal
